
Microsoft Visual Studio Solution File, Format Version 12.00
# Visual Studio Version 16
VisualStudioVersion = 16.0.29215.179
MinimumVisualStudioVersion = 10.0.40219.1
Project("{FAE04EC0-301F-11D3-BF4B-00C04F79EFBC}") = "TpProg", "TpProg.csproj", "{C6F90661-E5CB-40BE-B815-6D7AFFA48EFD}"
EndProject
Global
	GlobalSection(SolutionConfigurationPlatforms) = preSolution
		Debug|Any CPU = Debug|Any CPU
		Release|Any CPU = Release|Any CPU
	EndGlobalSection
	GlobalSection(ProjectConfigurationPlatforms) = postSolution
		{C6F90661-E5CB-40BE-B815-6D7AFFA48EFD}.Debug|Any CPU.ActiveCfg = Debug|Any CPU
		{C6F90661-E5CB-40BE-B815-6D7AFFA48EFD}.Debug|Any CPU.Build.0 = Debug|Any CPU
		{C6F90661-E5CB-40BE-B815-6D7AFFA48EFD}.Release|Any CPU.ActiveCfg = Release|Any CPU
		{C6F90661-E5CB-40BE-B815-6D7AFFA48EFD}.Release|Any CPU.Build.0 = Release|Any CPU
	EndGlobalSection
	GlobalSection(SolutionProperties) = preSolution
		HideSolutionNode = FALSE
	EndGlobalSection
	GlobalSection(ExtensibilityGlobals) = postSolution
		SolutionGuid = {346DAABC-AEA0-45B0-A99D-3313C0FF9C8E}
	EndGlobalSection
EndGlobal
